<?xml version="1.0" encoding="utf-8"?>
<Project ToolsVersion="4.0" xmlns="http://schemas.microsoft.com/developer/msbuild/2003">
  <ItemGroup>
    <Filter Include="Source Files">
      <UniqueIdentifier>{4FC737F1-C7A5-4376-A066-2A32D752A2FF}</UniqueIdentifier>
      <Extensions>cpp;c;cc;cxx;c++;cppm;ixx;def;odl;idl;hpj;bat;asm;asmx</Extensions>
    </Filter>
    <Filter Include="Header Files">
      <UniqueIdentifier>{93995380-89BD-4b04-88EB-625FBE52EBFB}</UniqueIdentifier>
      <Extensions>h;hh;hpp;hxx;h++;hm;inl;inc;ipp;xsd</Extensions>
    </Filter>
    <Filter Include="Resource Files">
      <UniqueIdentifier>{67DA6AB6-F800-4c08-8B7A-83BB121AAD01}</UniqueIdentifier>
      <Extensions>rc;ico;cur;bmp;dlg;rc2;rct;bin;rgs;gif;jpg;jpeg;jpe;resx;tiff;tif;png;wav;mfcribbon-ms</Extensions>
    </Filter>
    <Filter Include="new_shaders">
      <UniqueIdentifier>{965f1e91-576c-4a8b-950a-f035147eff76}</UniqueIdentifier>
    </Filter>
  </ItemGroup>
  <ItemGroup>
    <ClCompile Include="lib\platform_windows.c">
      <Filter>Source Files</Filter>
    </ClCompile>
    <ClCompile Include="main.c">
      <Filter>Source Files</Filter>
    </ClCompile>
  </ItemGroup>
  <ItemGroup>
    <ClInclude Include="camera.h">
      <Filter>Header Files</Filter>
    </ClInclude>
    <ClInclude Include="deferred_deffered_light.h">
      <Filter>Header Files</Filter>
    </ClInclude>
    <ClInclude Include="lib\allocator_tlsf.h">
      <Filter>Header Files</Filter>
    </ClInclude>
    <ClInclude Include="lib\arena.h">
      <Filter>Header Files</Filter>
    </ClInclude>
    <ClInclude Include="lib\hash_index.h">
      <Filter>Header Files</Filter>
    </ClInclude>
    <ClInclude Include="lib\list.h">
      <Filter>Header Files</Filter>
    </ClInclude>
    <ClInclude Include="lib\log_list.h">
      <Filter>Header Files</Filter>
    </ClInclude>
    <ClInclude Include="lib\lpf.h">
      <Filter>Header Files</Filter>
    </ClInclude>
    <ClInclude Include="lib\profile.h">
      <Filter>Header Files</Filter>
    </ClInclude>
    <ClInclude Include="lib\profile_defs.h">
      <Filter>Header Files</Filter>
    </ClInclude>
    <ClInclude Include="lib\path.h">
      <Filter>Header Files</Filter>
    </ClInclude>
    <ClInclude Include="lib\slz4.h">
      <Filter>Header Files</Filter>
    </ClInclude>
    <ClInclude Include="lib\_test_all.h">
      <Filter>Header Files</Filter>
    </ClInclude>
    <ClInclude Include="lib\_test_arena.h">
      <Filter>Header Files</Filter>
    </ClInclude>
    <ClInclude Include="lib\_test_debug_allocator.h">
      <Filter>Header Files</Filter>
    </ClInclude>
    <ClInclude Include="lib\_test_hash_index.h">
      <Filter>Header Files</Filter>
    </ClInclude>
    <ClInclude Include="lib\_test_lpf.h">
      <Filter>Header Files</Filter>
    </ClInclude>
    <ClInclude Include="lib\_test_string.h">
      <Filter>Header Files</Filter>
    </ClInclude>
    <ClInclude Include="gl_utils\gl.h">
      <Filter>Header Files</Filter>
    </ClInclude>
    <ClInclude Include="gl_utils\gl_debug_output.h">
      <Filter>Header Files</Filter>
    </ClInclude>
    <ClInclude Include="gl_utils\gl_frame_buffers.h">
      <Filter>Header Files</Filter>
    </ClInclude>
    <ClInclude Include="gl_utils\gl_pixel_format.h">
      <Filter>Header Files</Filter>
    </ClInclude>
    <ClInclude Include="gl_utils\gl_shader_util.h">
      <Filter>Header Files</Filter>
    </ClInclude>
    <ClInclude Include="gl_utils\gl_texture_util.h">
      <Filter>Header Files</Filter>
    </ClInclude>
    <ClInclude Include="image_loader.h">
      <Filter>Header Files</Filter>
    </ClInclude>
    <ClInclude Include="lib\allocator.h">
      <Filter>Header Files</Filter>
    </ClInclude>
    <ClInclude Include="lib\allocator_debug.h">
      <Filter>Header Files</Filter>
    </ClInclude>
    <ClInclude Include="lib\allocator_malloc.h">
      <Filter>Header Files</Filter>
    </ClInclude>
    <ClInclude Include="lib\array.h">
      <Filter>Header Files</Filter>
    </ClInclude>
    <ClInclude Include="lib\assert.h">
      <Filter>Header Files</Filter>
    </ClInclude>
    <ClInclude Include="lib\defines.h">
      <Filter>Header Files</Filter>
    </ClInclude>
    <ClInclude Include="lib\file.h">
      <Filter>Header Files</Filter>
    </ClInclude>
    <ClInclude Include="lib\guid.h">
      <Filter>Header Files</Filter>
    </ClInclude>
    <ClInclude Include="lib\hash.h">
      <Filter>Header Files</Filter>
    </ClInclude>
    <ClInclude Include="lib\hash_string.h">
      <Filter>Header Files</Filter>
    </ClInclude>
    <ClInclude Include="lib\image.h">
      <Filter>Header Files</Filter>
    </ClInclude>
    <ClInclude Include="lib\log.h">
      <Filter>Header Files</Filter>
    </ClInclude>
    <ClInclude Include="lib\log_file.h">
      <Filter>Header Files</Filter>
    </ClInclude>
    <ClInclude Include="lib\math.h">
      <Filter>Header Files</Filter>
    </ClInclude>
    <ClInclude Include="lib\parse.h">
      <Filter>Header Files</Filter>
    </ClInclude>
    <ClInclude Include="lib\perf.h">
      <Filter>Header Files</Filter>
    </ClInclude>
    <ClInclude Include="lib\platform.h">
      <Filter>Header Files</Filter>
    </ClInclude>
    <ClInclude Include="lib\random.h">
      <Filter>Header Files</Filter>
    </ClInclude>
    <ClInclude Include="lib\serialize.h">
      <Filter>Header Files</Filter>
    </ClInclude>
    <ClInclude Include="lib\stable_array.h">
      <Filter>Header Files</Filter>
    </ClInclude>
    <ClInclude Include="lib\string.h">
      <Filter>Header Files</Filter>
    </ClInclude>
    <ClInclude Include="lib\time.h">
      <Filter>Header Files</Filter>
    </ClInclude>
    <ClInclude Include="lib\vformat.h">
      <Filter>Header Files</Filter>
    </ClInclude>
    <ClInclude Include="lib\_test.h">
      <Filter>Header Files</Filter>
    </ClInclude>
    <ClInclude Include="lib\_test_array.h">
      <Filter>Header Files</Filter>
    </ClInclude>
    <ClInclude Include="lib\_test_image.h">
      <Filter>Header Files</Filter>
    </ClInclude>
    <ClInclude Include="lib\_test_log.h">
      <Filter>Header Files</Filter>
    </ClInclude>
    <ClInclude Include="lib\_test_math.h">
      <Filter>Header Files</Filter>
    </ClInclude>
    <ClInclude Include="lib\_test_random.h">
      <Filter>Header Files</Filter>
    </ClInclude>
    <ClInclude Include="lib\_test_stable_array.h">
      <Filter>Header Files</Filter>
    </ClInclude>
    <ClInclude Include="name.h">
      <Filter>Header Files</Filter>
    </ClInclude>
    <ClInclude Include="resource.h">
      <Filter>Header Files</Filter>
    </ClInclude>
    <ClInclude Include="resources.h">
      <Filter>Header Files</Filter>
    </ClInclude>
    <ClInclude Include="resource_2.h">
      <Filter>Header Files</Filter>
    </ClInclude>
    <ClInclude Include="resource_descriptions.h">
      <Filter>Header Files</Filter>
    </ClInclude>
    <ClInclude Include="resource_loading.h">
      <Filter>Header Files</Filter>
    </ClInclude>
    <ClInclude Include="shader_deferred.h">
      <Filter>Header Files</Filter>
    </ClInclude>
    <ClInclude Include="shader_g_buffer.h">
      <Filter>Header Files</Filter>
    </ClInclude>
    <ClInclude Include="shapes.h">
      <Filter>Header Files</Filter>
    </ClInclude>
    <ClInclude Include="todo.h">
      <Filter>Header Files</Filter>
    </ClInclude>
  </ItemGroup>
  <ItemGroup>
    <None Include="new_shaders\deferred_light_box.frag">
      <Filter>new_shaders</Filter>
    </None>
    <None Include="new_shaders\deferred_light_box.vert">
      <Filter>new_shaders</Filter>
    </None>
    <None Include="new_shaders\deferred_shading.frag">
      <Filter>new_shaders</Filter>
    </None>
    <None Include="new_shaders\deferred_shading.vert">
      <Filter>new_shaders</Filter>
    </None>
    <None Include="new_shaders\g_buffer.frag">
      <Filter>new_shaders</Filter>
    </None>
    <None Include="new_shaders\g_buffer.vert">
      <Filter>new_shaders</Filter>
    </None>
    <None Include="light_binning.comp">
      <Filter>new_shaders</Filter>
    </None>
    <None Include="fullscreen_quad.vert">
      <Filter>new_shaders</Filter>
    </None>
    <None Include="fullscreen_quad.frag">
      <Filter>new_shaders</Filter>
    </None>
    <None Include="new_shaders\depth_only.vert">
      <Filter>new_shaders</Filter>
    </None>
    <None Include="new_shaders\depth_only.frag">
      <Filter>new_shaders</Filter>
    </None>
    <None Include="new_shaders\image_copy.comp">
      <Filter>new_shaders</Filter>
    </None>
  </ItemGroup>
</Project>